
Microsoft Visual Studio Solution File, Format Version 12.00
# Visual Studio Version 17
VisualStudioVersion = 17.13.35931.197
MinimumVisualStudioVersion = 10.0.40219.1
Project("{FAE04EC0-301F-11D3-BF4B-00C04F79EFBC}") = "ArchitecturePatternsSandbox.WebApi", "ArchitecturePatternsSandbox.WebApi\ArchitecturePatternsSandbox.WebApi.csproj", "{2460CBFD-AB10-44D2-BA01-F8EFFD74EBD9}"
EndProject
Project("{2150E333-8FDC-42A3-9474-1A3956D46DE8}") = "AdminTool", "AdminTool", "{02EA681E-C7D8-13C7-8484-4AC65E1B71E8}"
EndProject
Project("{FAE04EC0-301F-11D3-BF4B-00C04F79EFBC}") = "AdminTool", "AdminTool\AdminTool.csproj", "{15909701-B731-4BBE-A590-3A984C4B5997}"
EndProject
Project("{2150E333-8FDC-42A3-9474-1A3956D46DE8}") = "Solution Items", "Solution Items", "{8EC462FD-D22E-90A8-E5CE-7E832BA40C5D}"
	ProjectSection(SolutionItems) = preProject
		Directory.Packages.props = Directory.Packages.props
	EndProjectSection
EndProject
Project("{2150E333-8FDC-42A3-9474-1A3956D46DE8}") = "StatusCheckSystem", "StatusCheckSystem", "{63F550A6-51E4-4B35-BE7B-9C8159B8FED7}"
EndProject
Project("{FAE04EC0-301F-11D3-BF4B-00C04F79EFBC}") = "StatusCheckSystem", "StatusCheckSystem\StatusCheckSystem.csproj", "{27809E42-539B-4E9D-B297-CB385961644C}"
EndProject
Project("{FAE04EC0-301F-11D3-BF4B-00C04F79EFBC}") = "StatusCheckSystem.BusinessLayer", "StatusCheckSystem.BusinessLayer\StatusCheckSystem.BusinessLayer.csproj", "{C1600F40-307C-4F19-A44D-42548D3747CE}"
EndProject
Project("{FAE04EC0-301F-11D3-BF4B-00C04F79EFBC}") = "StatusCheckSystem.Data", "StatusCheckSystem.Data\StatusCheckSystem.Data.csproj", "{B9DA2D30-EF2B-4543-8BA2-B5F24307A85F}"
EndProject
Project("{2150E333-8FDC-42A3-9474-1A3956D46DE8}") = "ECommerceLite", "ECommerceLite", "{A815BEFE-EFE2-438B-9B6E-7B18CECAE299}"
EndProject
Project("{FAE04EC0-301F-11D3-BF4B-00C04F79EFBC}") = "ECommerceLite", "ECommerceLite\ECommerceLite.csproj", "{D365CC4A-B33D-4C28-A1EC-8076E605B188}"
EndProject
Project("{FAE04EC0-301F-11D3-BF4B-00C04F79EFBC}") = "ECommerceLite.BusinessLogic", "ECommerceLite.BusinessLogic\ECommerceLite.BusinessLogic.csproj", "{46F9B27D-2BB7-48EB-9AF3-194BE69A7772}"
EndProject
Project("{FAE04EC0-301F-11D3-BF4B-00C04F79EFBC}") = "ECommerceLite.Data", "ECommerceLite.Data\ECommerceLite.Data.csproj", "{0504FAD0-20DD-4E31-B4C7-1B9E3B4EC8A8}"
EndProject
Project("{2150E333-8FDC-42A3-9474-1A3956D46DE8}") = "SearchTool", "SearchTool", "{120FE06E-AC59-40AA-A284-FE32451F16B2}"
EndProject
Project("{FAE04EC0-301F-11D3-BF4B-00C04F79EFBC}") = "SearchTool", "SearchTool\SearchTool.csproj", "{5402F4DF-9C85-4896-BF28-9ED737CB2085}"
EndProject
Project("{2150E333-8FDC-42A3-9474-1A3956D46DE8}") = "DataHeavyTool", "DataHeavyTool", "{6C0A3A59-6A63-453A-8362-B17CD7AC3D8C}"
EndProject
Project("{FAE04EC0-301F-11D3-BF4B-00C04F79EFBC}") = "DataHeavyTool", "DataHeavyTool\DataHeavyTool.csproj", "{25493338-0AA9-4C43-BA74-58A8AEADF109}"
EndProject
Project("{FAE04EC0-301F-11D3-BF4B-00C04F79EFBC}") = "DataHeavyTool.BusinessLogic", "DataHeavyTool.BusinessLogic\DataHeavyTool.BusinessLogic.csproj", "{306B266D-B85B-4F44-9C2A-A3787C347790}"
EndProject
Project("{FAE04EC0-301F-11D3-BF4B-00C04F79EFBC}") = "DataHeavyTool.Data", "DataHeavyTool.Data\DataHeavyTool.Data.csproj", "{E1300BD0-0EC7-49C8-B38F-1F2BA874F9A1}"
EndProject
Project("{2150E333-8FDC-42A3-9474-1A3956D46DE8}") = "InvoiceGeneratorTool", "InvoiceGeneratorTool", "{807D10AF-96D7-4E83-ABAA-E42A9A327C36}"
EndProject
Project("{FAE04EC0-301F-11D3-BF4B-00C04F79EFBC}") = "InvoiceGeneratorTool", "InvoiceGeneratorTool\InvoiceGeneratorTool.csproj", "{7D4B17C7-6E24-49C9-A419-63A459B355CB}"
EndProject
Project("{FAE04EC0-301F-11D3-BF4B-00C04F79EFBC}") = "InvoiceGeneratorTool.BusinessLogic", "InvoiceGeneratorTool.BusinessLogic\InvoiceGeneratorTool.BusinessLogic.csproj", "{44DFE4F2-7D9F-46DA-8B53-F5F4CAAF0B80}"
EndProject
Project("{FAE04EC0-301F-11D3-BF4B-00C04F79EFBC}") = "InvoiceGeneratorTool.Data", "InvoiceGeneratorTool.Data\InvoiceGeneratorTool.Data.csproj", "{5066C7EE-E67A-444B-AEC1-B3FC0D59F3C4}"
EndProject
Project("{2150E333-8FDC-42A3-9474-1A3956D46DE8}") = "InventorySystem", "InventorySystem", "{A4FCCC0C-E8FC-4230-A402-C78AE221326C}"
EndProject
Project("{FAE04EC0-301F-11D3-BF4B-00C04F79EFBC}") = "InventorySystem", "InventorySystem\InventorySystem.csproj", "{27C3E886-F07E-45FF-B8AE-D5CC921B99BA}"
EndProject
Project("{FAE04EC0-301F-11D3-BF4B-00C04F79EFBC}") = "InventorySystem.BusinessLogic", "InventorySystem.BusinessLogic\InventorySystem.BusinessLogic.csproj", "{7A686B6F-8642-4B31-AA40-56CBC2077C8D}"
EndProject
Project("{FAE04EC0-301F-11D3-BF4B-00C04F79EFBC}") = "InventorySystem.Data", "InventorySystem.Data\InventorySystem.Data.csproj", "{7B48CCB4-8597-47E3-B622-B5F4792C7C55}"
EndProject
Global
	GlobalSection(SolutionConfigurationPlatforms) = preSolution
		Debug|Any CPU = Debug|Any CPU
		Release|Any CPU = Release|Any CPU
	EndGlobalSection
	GlobalSection(ProjectConfigurationPlatforms) = postSolution
		{2460CBFD-AB10-44D2-BA01-F8EFFD74EBD9}.Debug|Any CPU.ActiveCfg = Debug|Any CPU
		{2460CBFD-AB10-44D2-BA01-F8EFFD74EBD9}.Debug|Any CPU.Build.0 = Debug|Any CPU
		{2460CBFD-AB10-44D2-BA01-F8EFFD74EBD9}.Release|Any CPU.ActiveCfg = Release|Any CPU
		{2460CBFD-AB10-44D2-BA01-F8EFFD74EBD9}.Release|Any CPU.Build.0 = Release|Any CPU
		{15909701-B731-4BBE-A590-3A984C4B5997}.Debug|Any CPU.ActiveCfg = Debug|Any CPU
		{15909701-B731-4BBE-A590-3A984C4B5997}.Debug|Any CPU.Build.0 = Debug|Any CPU
		{15909701-B731-4BBE-A590-3A984C4B5997}.Release|Any CPU.ActiveCfg = Release|Any CPU
		{15909701-B731-4BBE-A590-3A984C4B5997}.Release|Any CPU.Build.0 = Release|Any CPU
		{27809E42-539B-4E9D-B297-CB385961644C}.Debug|Any CPU.ActiveCfg = Debug|Any CPU
		{27809E42-539B-4E9D-B297-CB385961644C}.Debug|Any CPU.Build.0 = Debug|Any CPU
		{27809E42-539B-4E9D-B297-CB385961644C}.Release|Any CPU.ActiveCfg = Release|Any CPU
		{27809E42-539B-4E9D-B297-CB385961644C}.Release|Any CPU.Build.0 = Release|Any CPU
		{C1600F40-307C-4F19-A44D-42548D3747CE}.Debug|Any CPU.ActiveCfg = Debug|Any CPU
		{C1600F40-307C-4F19-A44D-42548D3747CE}.Debug|Any CPU.Build.0 = Debug|Any CPU
		{C1600F40-307C-4F19-A44D-42548D3747CE}.Release|Any CPU.ActiveCfg = Release|Any CPU
		{C1600F40-307C-4F19-A44D-42548D3747CE}.Release|Any CPU.Build.0 = Release|Any CPU
		{B9DA2D30-EF2B-4543-8BA2-B5F24307A85F}.Debug|Any CPU.ActiveCfg = Debug|Any CPU
		{B9DA2D30-EF2B-4543-8BA2-B5F24307A85F}.Debug|Any CPU.Build.0 = Debug|Any CPU
		{B9DA2D30-EF2B-4543-8BA2-B5F24307A85F}.Release|Any CPU.ActiveCfg = Release|Any CPU
		{B9DA2D30-EF2B-4543-8BA2-B5F24307A85F}.Release|Any CPU.Build.0 = Release|Any CPU
		{D365CC4A-B33D-4C28-A1EC-8076E605B188}.Debug|Any CPU.ActiveCfg = Debug|Any CPU
		{D365CC4A-B33D-4C28-A1EC-8076E605B188}.Debug|Any CPU.Build.0 = Debug|Any CPU
		{D365CC4A-B33D-4C28-A1EC-8076E605B188}.Release|Any CPU.ActiveCfg = Release|Any CPU
		{D365CC4A-B33D-4C28-A1EC-8076E605B188}.Release|Any CPU.Build.0 = Release|Any CPU
		{46F9B27D-2BB7-48EB-9AF3-194BE69A7772}.Debug|Any CPU.ActiveCfg = Debug|Any CPU
		{46F9B27D-2BB7-48EB-9AF3-194BE69A7772}.Debug|Any CPU.Build.0 = Debug|Any CPU
		{46F9B27D-2BB7-48EB-9AF3-194BE69A7772}.Release|Any CPU.ActiveCfg = Release|Any CPU
		{46F9B27D-2BB7-48EB-9AF3-194BE69A7772}.Release|Any CPU.Build.0 = Release|Any CPU
		{0504FAD0-20DD-4E31-B4C7-1B9E3B4EC8A8}.Debug|Any CPU.ActiveCfg = Debug|Any CPU
		{0504FAD0-20DD-4E31-B4C7-1B9E3B4EC8A8}.Debug|Any CPU.Build.0 = Debug|Any CPU
		{0504FAD0-20DD-4E31-B4C7-1B9E3B4EC8A8}.Release|Any CPU.ActiveCfg = Release|Any CPU
		{0504FAD0-20DD-4E31-B4C7-1B9E3B4EC8A8}.Release|Any CPU.Build.0 = Release|Any CPU
		{5402F4DF-9C85-4896-BF28-9ED737CB2085}.Debug|Any CPU.ActiveCfg = Debug|Any CPU
		{5402F4DF-9C85-4896-BF28-9ED737CB2085}.Debug|Any CPU.Build.0 = Debug|Any CPU
		{5402F4DF-9C85-4896-BF28-9ED737CB2085}.Release|Any CPU.ActiveCfg = Release|Any CPU
		{5402F4DF-9C85-4896-BF28-9ED737CB2085}.Release|Any CPU.Build.0 = Release|Any CPU
		{25493338-0AA9-4C43-BA74-58A8AEADF109}.Debug|Any CPU.ActiveCfg = Debug|Any CPU
		{25493338-0AA9-4C43-BA74-58A8AEADF109}.Debug|Any CPU.Build.0 = Debug|Any CPU
		{25493338-0AA9-4C43-BA74-58A8AEADF109}.Release|Any CPU.ActiveCfg = Release|Any CPU
		{25493338-0AA9-4C43-BA74-58A8AEADF109}.Release|Any CPU.Build.0 = Release|Any CPU
		{306B266D-B85B-4F44-9C2A-A3787C347790}.Debug|Any CPU.ActiveCfg = Debug|Any CPU
		{306B266D-B85B-4F44-9C2A-A3787C347790}.Debug|Any CPU.Build.0 = Debug|Any CPU
		{306B266D-B85B-4F44-9C2A-A3787C347790}.Release|Any CPU.ActiveCfg = Release|Any CPU
		{306B266D-B85B-4F44-9C2A-A3787C347790}.Release|Any CPU.Build.0 = Release|Any CPU
		{E1300BD0-0EC7-49C8-B38F-1F2BA874F9A1}.Debug|Any CPU.ActiveCfg = Debug|Any CPU
		{E1300BD0-0EC7-49C8-B38F-1F2BA874F9A1}.Debug|Any CPU.Build.0 = Debug|Any CPU
		{E1300BD0-0EC7-49C8-B38F-1F2BA874F9A1}.Release|Any CPU.ActiveCfg = Release|Any CPU
		{E1300BD0-0EC7-49C8-B38F-1F2BA874F9A1}.Release|Any CPU.Build.0 = Release|Any CPU
		{7D4B17C7-6E24-49C9-A419-63A459B355CB}.Debug|Any CPU.ActiveCfg = Debug|Any CPU
		{7D4B17C7-6E24-49C9-A419-63A459B355CB}.Debug|Any CPU.Build.0 = Debug|Any CPU
		{7D4B17C7-6E24-49C9-A419-63A459B355CB}.Release|Any CPU.ActiveCfg = Release|Any CPU
		{7D4B17C7-6E24-49C9-A419-63A459B355CB}.Release|Any CPU.Build.0 = Release|Any CPU
		{44DFE4F2-7D9F-46DA-8B53-F5F4CAAF0B80}.Debug|Any CPU.ActiveCfg = Debug|Any CPU
		{44DFE4F2-7D9F-46DA-8B53-F5F4CAAF0B80}.Debug|Any CPU.Build.0 = Debug|Any CPU
		{44DFE4F2-7D9F-46DA-8B53-F5F4CAAF0B80}.Release|Any CPU.ActiveCfg = Release|Any CPU
		{44DFE4F2-7D9F-46DA-8B53-F5F4CAAF0B80}.Release|Any CPU.Build.0 = Release|Any CPU
		{5066C7EE-E67A-444B-AEC1-B3FC0D59F3C4}.Debug|Any CPU.ActiveCfg = Debug|Any CPU
		{5066C7EE-E67A-444B-AEC1-B3FC0D59F3C4}.Debug|Any CPU.Build.0 = Debug|Any CPU
		{5066C7EE-E67A-444B-AEC1-B3FC0D59F3C4}.Release|Any CPU.ActiveCfg = Release|Any CPU
		{5066C7EE-E67A-444B-AEC1-B3FC0D59F3C4}.Release|Any CPU.Build.0 = Release|Any CPU
		{27C3E886-F07E-45FF-B8AE-D5CC921B99BA}.Debug|Any CPU.ActiveCfg = Debug|Any CPU
		{27C3E886-F07E-45FF-B8AE-D5CC921B99BA}.Debug|Any CPU.Build.0 = Debug|Any CPU
		{27C3E886-F07E-45FF-B8AE-D5CC921B99BA}.Release|Any CPU.ActiveCfg = Release|Any CPU
		{27C3E886-F07E-45FF-B8AE-D5CC921B99BA}.Release|Any CPU.Build.0 = Release|Any CPU
		{7A686B6F-8642-4B31-AA40-56CBC2077C8D}.Debug|Any CPU.ActiveCfg = Debug|Any CPU
		{7A686B6F-8642-4B31-AA40-56CBC2077C8D}.Debug|Any CPU.Build.0 = Debug|Any CPU
		{7A686B6F-8642-4B31-AA40-56CBC2077C8D}.Release|Any CPU.ActiveCfg = Release|Any CPU
		{7A686B6F-8642-4B31-AA40-56CBC2077C8D}.Release|Any CPU.Build.0 = Release|Any CPU
		{7B48CCB4-8597-47E3-B622-B5F4792C7C55}.Debug|Any CPU.ActiveCfg = Debug|Any CPU
		{7B48CCB4-8597-47E3-B622-B5F4792C7C55}.Debug|Any CPU.Build.0 = Debug|Any CPU
		{7B48CCB4-8597-47E3-B622-B5F4792C7C55}.Release|Any CPU.ActiveCfg = Release|Any CPU
		{7B48CCB4-8597-47E3-B622-B5F4792C7C55}.Release|Any CPU.Build.0 = Release|Any CPU
	EndGlobalSection
	GlobalSection(SolutionProperties) = preSolution
		HideSolutionNode = FALSE
	EndGlobalSection
	GlobalSection(NestedProjects) = preSolution
		{15909701-B731-4BBE-A590-3A984C4B5997} = {02EA681E-C7D8-13C7-8484-4AC65E1B71E8}
		{27809E42-539B-4E9D-B297-CB385961644C} = {63F550A6-51E4-4B35-BE7B-9C8159B8FED7}
		{C1600F40-307C-4F19-A44D-42548D3747CE} = {63F550A6-51E4-4B35-BE7B-9C8159B8FED7}
		{B9DA2D30-EF2B-4543-8BA2-B5F24307A85F} = {63F550A6-51E4-4B35-BE7B-9C8159B8FED7}
		{D365CC4A-B33D-4C28-A1EC-8076E605B188} = {A815BEFE-EFE2-438B-9B6E-7B18CECAE299}
		{46F9B27D-2BB7-48EB-9AF3-194BE69A7772} = {A815BEFE-EFE2-438B-9B6E-7B18CECAE299}
		{0504FAD0-20DD-4E31-B4C7-1B9E3B4EC8A8} = {A815BEFE-EFE2-438B-9B6E-7B18CECAE299}
		{5402F4DF-9C85-4896-BF28-9ED737CB2085} = {120FE06E-AC59-40AA-A284-FE32451F16B2}
		{25493338-0AA9-4C43-BA74-58A8AEADF109} = {6C0A3A59-6A63-453A-8362-B17CD7AC3D8C}
		{306B266D-B85B-4F44-9C2A-A3787C347790} = {6C0A3A59-6A63-453A-8362-B17CD7AC3D8C}
		{E1300BD0-0EC7-49C8-B38F-1F2BA874F9A1} = {6C0A3A59-6A63-453A-8362-B17CD7AC3D8C}
		{7D4B17C7-6E24-49C9-A419-63A459B355CB} = {807D10AF-96D7-4E83-ABAA-E42A9A327C36}
		{44DFE4F2-7D9F-46DA-8B53-F5F4CAAF0B80} = {807D10AF-96D7-4E83-ABAA-E42A9A327C36}
		{5066C7EE-E67A-444B-AEC1-B3FC0D59F3C4} = {807D10AF-96D7-4E83-ABAA-E42A9A327C36}
		{27C3E886-F07E-45FF-B8AE-D5CC921B99BA} = {A4FCCC0C-E8FC-4230-A402-C78AE221326C}
		{7A686B6F-8642-4B31-AA40-56CBC2077C8D} = {A4FCCC0C-E8FC-4230-A402-C78AE221326C}
		{7B48CCB4-8597-47E3-B622-B5F4792C7C55} = {A4FCCC0C-E8FC-4230-A402-C78AE221326C}
	EndGlobalSection
	GlobalSection(ExtensibilityGlobals) = postSolution
		SolutionGuid = {EAA2B344-B70B-4D4A-A8CF-68A6E5FCB001}
	EndGlobalSection
EndGlobal
